
Microsoft Visual Studio Solution File, Format Version 12.00
# Visual Studio Version 16
VisualStudioVersion = 16.0.31624.102
MinimumVisualStudioVersion = 10.0.40219.1
Project("{FAE04EC0-301F-11D3-BF4B-00C04F79EFBC}") = "MVC", "MVC\MVC.csproj", "{0DB8CADC-B15D-4A5F-B3A2-127483937E0A}"
EndProject
Global
	GlobalSection(SolutionConfigurationPlatforms) = preSolution
		Debug|Any CPU = Debug|Any CPU
		Release|Any CPU = Release|Any CPU
	EndGlobalSection
	GlobalSection(ProjectConfigurationPlatforms) = postSolution
		{0DB8CADC-B15D-4A5F-B3A2-127483937E0A}.Debug|Any CPU.ActiveCfg = Debug|Any CPU
		{0DB8CADC-B15D-4A5F-B3A2-127483937E0A}.Debug|Any CPU.Build.0 = Debug|Any CPU
		{0DB8CADC-B15D-4A5F-B3A2-127483937E0A}.Release|Any CPU.ActiveCfg = Release|Any CPU
		{0DB8CADC-B15D-4A5F-B3A2-127483937E0A}.Release|Any CPU.Build.0 = Release|Any CPU
	EndGlobalSection
	GlobalSection(SolutionProperties) = preSolution
		HideSolutionNode = FALSE
	EndGlobalSection
	GlobalSection(ExtensibilityGlobals) = postSolution
		SolutionGuid = {2319FF04-B647-47BD-A99C-95EB2D394483}
	EndGlobalSection
EndGlobal
