
Microsoft Visual Studio Solution File, Format Version 12.00
# Visual Studio Version 17
VisualStudioVersion = 17.5.33530.505
MinimumVisualStudioVersion = 10.0.40219.1
Project("{FAE04EC0-301F-11D3-BF4B-00C04F79EFBC}") = "TT_API_Service", "TT_API_Service\TT_API_Service.csproj", "{125E6AF6-6267-47C2-BFF0-D92566F0D3B0}"
EndProject
Project("{FAE04EC0-301F-11D3-BF4B-00C04F79EFBC}") = "TT_DataAccess", "TT_DataAccess\TT_DataAccess.csproj", "{3F1AB3D8-3911-4847-ABF1-F195A2FB5601}"
EndProject
Global
	GlobalSection(SolutionConfigurationPlatforms) = preSolution
		Debug|Any CPU = Debug|Any CPU
		Release|Any CPU = Release|Any CPU
	EndGlobalSection
	GlobalSection(ProjectConfigurationPlatforms) = postSolution
		{125E6AF6-6267-47C2-BFF0-D92566F0D3B0}.Debug|Any CPU.ActiveCfg = Debug|Any CPU
		{125E6AF6-6267-47C2-BFF0-D92566F0D3B0}.Debug|Any CPU.Build.0 = Debug|Any CPU
		{125E6AF6-6267-47C2-BFF0-D92566F0D3B0}.Release|Any CPU.ActiveCfg = Release|Any CPU
		{125E6AF6-6267-47C2-BFF0-D92566F0D3B0}.Release|Any CPU.Build.0 = Release|Any CPU
		{3F1AB3D8-3911-4847-ABF1-F195A2FB5601}.Debug|Any CPU.ActiveCfg = Debug|Any CPU
		{3F1AB3D8-3911-4847-ABF1-F195A2FB5601}.Debug|Any CPU.Build.0 = Debug|Any CPU
		{3F1AB3D8-3911-4847-ABF1-F195A2FB5601}.Release|Any CPU.ActiveCfg = Release|Any CPU
		{3F1AB3D8-3911-4847-ABF1-F195A2FB5601}.Release|Any CPU.Build.0 = Release|Any CPU
	EndGlobalSection
	GlobalSection(SolutionProperties) = preSolution
		HideSolutionNode = FALSE
	EndGlobalSection
	GlobalSection(ExtensibilityGlobals) = postSolution
		SolutionGuid = {8C50318C-7290-49AD-BB38-D0C5E94335A5}
	EndGlobalSection
EndGlobal
